// !$*UTF8*$!
{
	archiveVersion = 1;
	classes = {
	};
	objectVersion = 56;
	objects = {

/* Begin PBXBuildFile section */
		2924DCFE2A8F07F600BD9299 /* grpc_demo_clientApp.swift in Sources */ = {isa = PBXBuildFile; fileRef = 2924DCFD2A8F07F600BD9299 /* grpc_demo_clientApp.swift */; };
		2924DD002A8F07F600BD9299 /* ContentView.swift in Sources */ = {isa = PBXBuildFile; fileRef = 2924DCFF2A8F07F600BD9299 /* ContentView.swift */; };
		2924DD022A8F07F700BD9299 /* Assets.xcassets in Resources */ = {isa = PBXBuildFile; fileRef = 2924DD012A8F07F700BD9299 /* Assets.xcassets */; };
		2924DD052A8F07F700BD9299 /* Preview Assets.xcassets in Resources */ = {isa = PBXBuildFile; fileRef = 2924DD042A8F07F700BD9299 /* Preview Assets.xcassets */; };
		2924DD0D2A8F083800BD9299 /* CGRPCZlib in Frameworks */ = {isa = PBXBuildFile; productRef = 2924DD0C2A8F083800BD9299 /* CGRPCZlib */; };
		2924DD0F2A8F083800BD9299 /* GRPC in Frameworks */ = {isa = PBXBuildFile; productRef = 2924DD0E2A8F083800BD9299 /* GRPC */; };
		2924DD112A8F083800BD9299 /* protoc-gen-grpc-swift in Frameworks */ = {isa = PBXBuildFile; productRef = 2924DD102A8F083800BD9299 /* protoc-gen-grpc-swift */; };
/* End PBXBuildFile section */

/* Begin PBXFileReference section */
		2924DCFA2A8F07F600BD9299 /* grpc-demo-client.app */ = {isa = PBXFileReference; explicitFileType = wrapper.application; includeInIndex = 0; path = "grpc-demo-client.app"; sourceTree = BUILT_PRODUCTS_DIR; };
		2924DCFD2A8F07F600BD9299 /* grpc_demo_clientApp.swift */ = {isa = PBXFileReference; lastKnownFileType = sourcecode.swift; path = grpc_demo_clientApp.swift; sourceTree = "<group>"; };
		2924DCFF2A8F07F600BD9299 /* ContentView.swift */ = {isa = PBXFileReference; lastKnownFileType = sourcecode.swift; path = ContentView.swift; sourceTree = "<group>"; };
		2924DD012A8F07F700BD9299 /* Assets.xcassets */ = {isa = PBXFileReference; lastKnownFileType = folder.assetcatalog; path = Assets.xcassets; sourceTree = "<group>"; };
		2924DD042A8F07F700BD9299 /* Preview Assets.xcassets */ = {isa = PBXFileReference; lastKnownFileType = folder.assetcatalog; path = "Preview Assets.xcassets"; sourceTree = "<group>"; };
/* End PBXFileReference section */

/* Begin PBXFrameworksBuildPhase section */
		2924DCF72A8F07F600BD9299 /* Frameworks */ = {
			isa = PBXFrameworksBuildPhase;
			buildActionMask = 2147483647;
			files = (
				2924DD0F2A8F083800BD9299 /* GRPC in Frameworks */,
				2924DD0D2A8F083800BD9299 /* CGRPCZlib in Frameworks */,
				2924DD112A8F083800BD9299 /* protoc-gen-grpc-swift in Frameworks */,
			);
			runOnlyForDeploymentPostprocessing = 0;
		};
/* End PBXFrameworksBuildPhase section */

/* Begin PBXGroup section */
		2924DCF12A8F07F600BD9299 = {
			isa = PBXGroup;
			children = (
				2924DCFC2A8F07F600BD9299 /* grpc-demo-client */,
				2924DCFB2A8F07F600BD9299 /* Products */,
			);
			sourceTree = "<group>";
		};
		2924DCFB2A8F07F600BD9299 /* Products */ = {
			isa = PBXGroup;
			children = (
				2924DCFA2A8F07F600BD9299 /* grpc-demo-client.app */,
			);
			name = Products;
			sourceTree = "<group>";
		};
		2924DCFC2A8F07F600BD9299 /* grpc-demo-client */ = {
			isa = PBXGroup;
			children = (
				2924DCFD2A8F07F600BD9299 /* grpc_demo_clientApp.swift */,
				2924DD142A90150500BD9299 /* grpc */,
				2924DCFF2A8F07F600BD9299 /* ContentView.swift */,
				2924DD012A8F07F700BD9299 /* Assets.xcassets */,
				2924DD032A8F07F700BD9299 /* Preview Content */,
			);
			path = "grpc-demo-client";
			sourceTree = "<group>";
		};
		2924DD032A8F07F700BD9299 /* Preview Content */ = {
			isa = PBXGroup;
			children = (
				2924DD042A8F07F700BD9299 /* Preview Assets.xcassets */,
			);
			path = "Preview Content";
			sourceTree = "<group>";
		};
		2924DD142A90150500BD9299 /* grpc */ = {
			isa = PBXGroup;
			children = (
			);
			path = grpc;
			sourceTree = "<group>";
		};
/* End PBXGroup section */

/* Begin PBXNativeTarget section */
		2924DCF92A8F07F600BD9299 /* grpc-demo-client */ = {
			isa = PBXNativeTarget;
			buildConfigurationList = 2924DD082A8F07F700BD9299 /* Build configuration list for PBXNativeTarget "grpc-demo-client" */;
			buildPhases = (
				2924DCF62A8F07F600BD9299 /* Sources */,
				2924DCF72A8F07F600BD9299 /* Frameworks */,
				2924DCF82A8F07F600BD9299 /* Resources */,
			);
			buildRules = (
			);
			dependencies = (
			);
			name = "grpc-demo-client";
			packageProductDependencies = (
				2924DD0C2A8F083800BD9299 /* CGRPCZlib */,
				2924DD0E2A8F083800BD9299 /* GRPC */,
				2924DD102A8F083800BD9299 /* protoc-gen-grpc-swift */,
			);
			productName = "grpc-demo-client";
			productReference = 2924DCFA2A8F07F600BD9299 /* grpc-demo-client.app */;
			productType = "com.apple.product-type.application";
		};
/* End PBXNativeTarget section */

/* Begin PBXProject section */
		2924DCF22A8F07F600BD9299 /* Project object */ = {
			isa = PBXProject;
			attributes = {
				BuildIndependentTargetsInParallel = 1;
				LastSwiftUpdateCheck = 1430;
				LastUpgradeCheck = 1430;
				TargetAttributes = {
					2924DCF92A8F07F600BD9299 = {
						CreatedOnToolsVersion = 14.3.1;
					};
				};
			};
			buildConfigurationList = 2924DCF52A8F07F600BD9299 /* Build configuration list for PBXProject "grpc-demo-client" */;
			compatibilityVersion = "Xcode 14.0";
			developmentRegion = en;
			hasScannedForEncodings = 0;
			knownRegions = (
				en,
				Base,
			);
			mainGroup = 2924DCF12A8F07F600BD9299;
			packageReferences = (
				2924DD0B2A8F083800BD9299 /* XCRemoteSwiftPackageReference "grpc-swift" */,
			);
			productRefGroup = 2924DCFB2A8F07F600BD9299 /* Products */;
			projectDirPath = "";
			projectRoot = "";
			targets = (
				2924DCF92A8F07F600BD9299 /* grpc-demo-client */,
			);
		};
/* End PBXProject section */

/* Begin PBXResourcesBuildPhase section */
		2924DCF82A8F07F600BD9299 /* Resources */ = {
			isa = PBXResourcesBuildPhase;
			buildActionMask = 2147483647;
			files = (
				2924DD052A8F07F700BD9299 /* Preview Assets.xcassets in Resources */,
				2924DD022A8F07F700BD9299 /* Assets.xcassets in Resources */,
			);
			runOnlyForDeploymentPostprocessing = 0;
		};
/* End PBXResourcesBuildPhase section */

/* Begin PBXSourcesBuildPhase section */
		2924DCF62A8F07F600BD9299 /* Sources */ = {
			isa = PBXSourcesBuildPhase;
			buildActionMask = 2147483647;
			files = (
				2924DD002A8F07F600BD9299 /* ContentView.swift in Sources */,
				2924DCFE2A8F07F600BD9299 /* grpc_demo_clientApp.swift in Sources */,
			);
			runOnlyForDeploymentPostprocessing = 0;
		};
/* End PBXSourcesBuildPhase section */

/* Begin XCBuildConfiguration section */
		2924DD062A8F07F700BD9299 /* Debug */ = {
			isa = XCBuildConfiguration;
			buildSettings = {
				ALWAYS_SEARCH_USER_PATHS = NO;
				CLANG_ANALYZER_NONNULL = YES;
				CLANG_ANALYZER_NUMBER_OBJECT_CONVERSION = YES_AGGRESSIVE;
				CLANG_CXX_LANGUAGE_STANDARD = "gnu++20";
				CLANG_ENABLE_MODULES = YES;
				CLANG_ENABLE_OBJC_ARC = YES;
				CLANG_ENABLE_OBJC_WEAK = YES;
				CLANG_WARN_BLOCK_CAPTURE_AUTORELEASING = YES;
				CLANG_WARN_BOOL_CONVERSION = YES;
				CLANG_WARN_COMMA = YES;
				CLANG_WARN_CONSTANT_CONVERSION = YES;
				CLANG_WARN_DEPRECATED_OBJC_IMPLEMENTATIONS = YES;
				CLANG_WARN_DIRECT_OBJC_ISA_USAGE = YES_ERROR;
				CLANG_WARN_DOCUMENTATION_COMMENTS = YES;
				CLANG_WARN_EMPTY_BODY = YES;
				CLANG_WARN_ENUM_CONVERSION = YES;
				CLANG_WARN_INFINITE_RECURSION = YES;
				CLANG_WARN_INT_CONVERSION = YES;
				CLANG_WARN_NON_LITERAL_NULL_CONVERSION = YES;
				CLANG_WARN_OBJC_IMPLICIT_RETAIN_SELF = YES;
				CLANG_WARN_OBJC_LITERAL_CONVERSION = YES;
				CLANG_WARN_OBJC_ROOT_CLASS = YES_ERROR;
				CLANG_WARN_QUOTED_INCLUDE_IN_FRAMEWORK_HEADER = YES;
				CLANG_WARN_RANGE_LOOP_ANALYSIS = YES;
				CLANG_WARN_STRICT_PROTOTYPES = YES;
				CLANG_WARN_SUSPICIOUS_MOVE = YES;
				CLANG_WARN_UNGUARDED_AVAILABILITY = YES_AGGRESSIVE;
				CLANG_WARN_UNREACHABLE_CODE = YES;
				CLANG_WARN__DUPLICATE_METHOD_MATCH = YES;
				COPY_PHASE_STRIP = NO;
				DEBUG_INFORMATION_FORMAT = dwarf;
				ENABLE_STRICT_OBJC_MSGSEND = YES;
				ENABLE_TESTABILITY = YES;
				GCC_C_LANGUAGE_STANDARD = gnu11;
				GCC_DYNAMIC_NO_PIC = NO;
				GCC_NO_COMMON_BLOCKS = YES;
				GCC_OPTIMIZATION_LEVEL = 0;
				GCC_PREPROCESSOR_DEFINITIONS = (
					"DEBUG=1",
					"$(inherited)",
				);
				GCC_WARN_64_TO_32_BIT_CONVERSION = YES;
				GCC_WARN_ABOUT_RETURN_TYPE = YES_ERROR;
				GCC_WARN_UNDECLARED_SELECTOR = YES;
				GCC_WARN_UNINITIALIZED_AUTOS = YES_AGGRESSIVE;
				GCC_WARN_UNUSED_FUNCTION = YES;
				GCC_WARN_UNUSED_VARIABLE = YES;
				IPHONEOS_DEPLOYMENT_TARGET = 16.4;
				MTL_ENABLE_DEBUG_INFO = INCLUDE_SOURCE;
				MTL_FAST_MATH = YES;
				ONLY_ACTIVE_ARCH = YES;
				SDKROOT = iphoneos;
				SWIFT_ACTIVE_COMPILATION_CONDITIONS = DEBUG;
				SWIFT_OPTIMIZATION_LEVEL = "-Onone";
			};
			name = Debug;
		};
		2924DD072A8F07F700BD9299 /* Release */ = {
			isa = XCBuildConfiguration;
			buildSettings = {
				ALWAYS_SEARCH_USER_PATHS = NO;
				CLANG_ANALYZER_NONNULL = YES;
				CLANG_ANALYZER_NUMBER_OBJECT_CONVERSION = YES_AGGRESSIVE;
				CLANG_CXX_LANGUAGE_STANDARD = "gnu++20";
				CLANG_ENABLE_MODULES = YES;
				CLANG_ENABLE_OBJC_ARC = YES;
				CLANG_ENABLE_OBJC_WEAK = YES;
				CLANG_WARN_BLOCK_CAPTURE_AUTORELEASING = YES;
				CLANG_WARN_BOOL_CONVERSION = YES;
				CLANG_WARN_COMMA = YES;
				CLANG_WARN_CONSTANT_CONVERSION = YES;
				CLANG_WARN_DEPRECATED_OBJC_IMPLEMENTATIONS = YES;
				CLANG_WARN_DIRECT_OBJC_ISA_USAGE = YES_ERROR;
				CLANG_WARN_DOCUMENTATION_COMMENTS = YES;
				CLANG_WARN_EMPTY_BODY = YES;
				CLANG_WARN_ENUM_CONVERSION = YES;
				CLANG_WARN_INFINITE_RECURSION = YES;
				CLANG_WARN_INT_CONVERSION = YES;
				CLANG_WARN_NON_LITERAL_NULL_CONVERSION = YES;
				CLANG_WARN_OBJC_IMPLICIT_RETAIN_SELF = YES;
				CLANG_WARN_OBJC_LITERAL_CONVERSION = YES;
				CLANG_WARN_OBJC_ROOT_CLASS = YES_ERROR;
				CLANG_WARN_QUOTED_INCLUDE_IN_FRAMEWORK_HEADER = YES;
				CLANG_WARN_RANGE_LOOP_ANALYSIS = YES;
				CLANG_WARN_STRICT_PROTOTYPES = YES;
				CLANG_WARN_SUSPICIOUS_MOVE = YES;
				CLANG_WARN_UNGUARDED_AVAILABILITY = YES_AGGRESSIVE;
				CLANG_WARN_UNREACHABLE_CODE = YES;
				CLANG_WARN__DUPLICATE_METHOD_MATCH = YES;
				COPY_PHASE_STRIP = NO;
				DEBUG_INFORMATION_FORMAT = "dwarf-with-dsym";
				ENABLE_NS_ASSERTIONS = NO;
				ENABLE_STRICT_OBJC_MSGSEND = YES;
				GCC_C_LANGUAGE_STANDARD = gnu11;
				GCC_NO_COMMON_BLOCKS = YES;
				GCC_WARN_64_TO_32_BIT_CONVERSION = YES;
				GCC_WARN_ABOUT_RETURN_TYPE = YES_ERROR;
				GCC_WARN_UNDECLARED_SELECTOR = YES;
				GCC_WARN_UNINITIALIZED_AUTOS = YES_AGGRESSIVE;
				GCC_WARN_UNUSED_FUNCTION = YES;
				GCC_WARN_UNUSED_VARIABLE = YES;
				IPHONEOS_DEPLOYMENT_TARGET = 16.4;
				MTL_ENABLE_DEBUG_INFO = NO;
				MTL_FAST_MATH = YES;
				SDKROOT = iphoneos;
				SWIFT_COMPILATION_MODE = wholemodule;
				SWIFT_OPTIMIZATION_LEVEL = "-O";
				VALIDATE_PRODUCT = YES;
			};
			name = Release;
		};
		2924DD092A8F07F700BD9299 /* Debug */ = {
			isa = XCBuildConfiguration;
			buildSettings = {
				ASSETCATALOG_COMPILER_APPICON_NAME = AppIcon;
				ASSETCATALOG_COMPILER_GLOBAL_ACCENT_COLOR_NAME = AccentColor;
				CODE_SIGN_STYLE = Automatic;
				CURRENT_PROJECT_VERSION = 1;
				DEVELOPMENT_ASSET_PATHS = "\"grpc-demo-client/Preview Content\"";
				DEVELOPMENT_TEAM = 7W5ZSCHZ2W;
				ENABLE_PREVIEWS = YES;
				GENERATE_INFOPLIST_FILE = YES;
				INFOPLIST_KEY_UIApplicationSceneManifest_Generation = YES;
				INFOPLIST_KEY_UIApplicationSupportsIndirectInputEvents = YES;
				INFOPLIST_KEY_UILaunchScreen_Generation = YES;
				INFOPLIST_KEY_UISupportedInterfaceOrientations_iPad = "UIInterfaceOrientationPortrait UIInterfaceOrientationPortraitUpsideDown UIInterfaceOrientationLandscapeLeft UIInterfaceOrientationLandscapeRight";
				INFOPLIST_KEY_UISupportedInterfaceOrientations_iPhone = "UIInterfaceOrientationPortrait UIInterfaceOrientationLandscapeLeft UIInterfaceOrientationLandscapeRight";
				LD_RUNPATH_SEARCH_PATHS = (
					"$(inherited)",
					"@executable_path/Frameworks",
				);
				MARKETING_VERSION = 1.0;
				PRODUCT_BUNDLE_IDENTIFIER = "alek.grpc-demo-client";
				PRODUCT_NAME = "$(TARGET_NAME)";
				SWIFT_EMIT_LOC_STRINGS = YES;
				SWIFT_VERSION = 5.0;
				TARGETED_DEVICE_FAMILY = "1,2";
			};
			name = Debug;
		};
		2924DD0A2A8F07F700BD9299 /* Release */ = {
			isa = XCBuildConfiguration;
			buildSettings = {
				ASSETCATALOG_COMPILER_APPICON_NAME = AppIcon;
				ASSETCATALOG_COMPILER_GLOBAL_ACCENT_COLOR_NAME = AccentColor;
				CODE_SIGN_STYLE = Automatic;
				CURRENT_PROJECT_VERSION = 1;
				DEVELOPMENT_ASSET_PATHS = "\"grpc-demo-client/Preview Content\"";
				DEVELOPMENT_TEAM = 7W5ZSCHZ2W;
				ENABLE_PREVIEWS = YES;
				GENERATE_INFOPLIST_FILE = YES;
				INFOPLIST_KEY_UIApplicationSceneManifest_Generation = YES;
				INFOPLIST_KEY_UIApplicationSupportsIndirectInputEvents = YES;
				INFOPLIST_KEY_UILaunchScreen_Generation = YES;
				INFOPLIST_KEY_UISupportedInterfaceOrientations_iPad = "UIInterfaceOrientationPortrait UIInterfaceOrientationPortraitUpsideDown UIInterfaceOrientationLandscapeLeft UIInterfaceOrientationLandscapeRight";
				INFOPLIST_KEY_UISupportedInterfaceOrientations_iPhone = "UIInterfaceOrientationPortrait UIInterfaceOrientationLandscapeLeft UIInterfaceOrientationLandscapeRight";
				LD_RUNPATH_SEARCH_PATHS = (
					"$(inherited)",
					"@executable_path/Frameworks",
				);
				MARKETING_VERSION = 1.0;
				PRODUCT_BUNDLE_IDENTIFIER = "alek.grpc-demo-client";
				PRODUCT_NAME = "$(TARGET_NAME)";
				SWIFT_EMIT_LOC_STRINGS = YES;
				SWIFT_VERSION = 5.0;
				TARGETED_DEVICE_FAMILY = "1,2";
			};
			name = Release;
		};
/* End XCBuildConfiguration section */

/* Begin XCConfigurationList section */
		2924DCF52A8F07F600BD9299 /* Build configuration list for PBXProject "grpc-demo-client" */ = {
			isa = XCConfigurationList;
			buildConfigurations = (
				2924DD062A8F07F700BD9299 /* Debug */,
				2924DD072A8F07F700BD9299 /* Release */,
			);
			defaultConfigurationIsVisible = 0;
			defaultConfigurationName = Release;
		};
		2924DD082A8F07F700BD9299 /* Build configuration list for PBXNativeTarget "grpc-demo-client" */ = {
			isa = XCConfigurationList;
			buildConfigurations = (
				2924DD092A8F07F700BD9299 /* Debug */,
				2924DD0A2A8F07F700BD9299 /* Release */,
			);
			defaultConfigurationIsVisible = 0;
			defaultConfigurationName = Release;
		};
/* End XCConfigurationList section */

/* Begin XCRemoteSwiftPackageReference section */
		2924DD0B2A8F083800BD9299 /* XCRemoteSwiftPackageReference "grpc-swift" */ = {
			isa = XCRemoteSwiftPackageReference;
			repositoryURL = "https://github.com/grpc/grpc-swift.git";
			requirement = {
				kind = upToNextMinorVersion;
				minimumVersion = 1.19.0;
			};
		};
/* End XCRemoteSwiftPackageReference section */

/* Begin XCSwiftPackageProductDependency section */
		2924DD0C2A8F083800BD9299 /* CGRPCZlib */ = {
			isa = XCSwiftPackageProductDependency;
			package = 2924DD0B2A8F083800BD9299 /* XCRemoteSwiftPackageReference "grpc-swift" */;
			productName = CGRPCZlib;
		};
		2924DD0E2A8F083800BD9299 /* GRPC */ = {
			isa = XCSwiftPackageProductDependency;
			package = 2924DD0B2A8F083800BD9299 /* XCRemoteSwiftPackageReference "grpc-swift" */;
			productName = GRPC;
		};
		2924DD102A8F083800BD9299 /* protoc-gen-grpc-swift */ = {
			isa = XCSwiftPackageProductDependency;
			package = 2924DD0B2A8F083800BD9299 /* XCRemoteSwiftPackageReference "grpc-swift" */;
			productName = "protoc-gen-grpc-swift";
		};
/* End XCSwiftPackageProductDependency section */
	};
	rootObject = 2924DCF22A8F07F600BD9299 /* Project object */;
}
